
Microsoft Visual Studio Solution File, Format Version 12.00
# Visual Studio Version 17
VisualStudioVersion = 17.6.33717.318
MinimumVisualStudioVersion = 10.0.40219.1
Project("{9A19103F-16F7-4668-BE54-9A1E7A4F7556}") = "MouseJiggler", "MouseJiggler.csproj", "{C5CC87B3-C8D5-474B-A97A-2B6B1316FD5B}"
EndProject
Project("{2150E333-8FDC-42A3-9474-1A3956D46DE8}") = "Solution Items", "Solution Items", "{E8AA4896-6B17-4B5B-9850-F1735EBBD907}"
	ProjectSection(SolutionItems) = preProject
		..\README.md = ..\README.md
	EndProjectSection
EndProject
Project("{FAE04EC0-301F-11D3-BF4B-00C04F79EFBC}") = "TestingApp", "..\TestingApp\TestingApp.csproj", "{43BB2A6D-3324-40AA-ABE7-8879F67B1DF2}"
EndProject
Project("{C7167F0D-BC9F-4E6E-AFE1-012C56B48DB5}") = "DemoInstaller", "..\DemoInstaller\DemoInstaller.wapproj", "{A45ACFAA-A155-436A-99AD-50A9F383D751}"
EndProject
Global
	GlobalSection(SolutionConfigurationPlatforms) = preSolution
		Debug|Any CPU = Debug|Any CPU
		Debug|ARM = Debug|ARM
		Debug|ARM64 = Debug|ARM64
		Debug|x64 = Debug|x64
		Debug|x86 = Debug|x86
		Release|Any CPU = Release|Any CPU
		Release|ARM = Release|ARM
		Release|ARM64 = Release|ARM64
		Release|x64 = Release|x64
		Release|x86 = Release|x86
	EndGlobalSection
	GlobalSection(ProjectConfigurationPlatforms) = postSolution
		{C5CC87B3-C8D5-474B-A97A-2B6B1316FD5B}.Debug|Any CPU.ActiveCfg = Debug|Any CPU
		{C5CC87B3-C8D5-474B-A97A-2B6B1316FD5B}.Debug|Any CPU.Build.0 = Debug|Any CPU
		{C5CC87B3-C8D5-474B-A97A-2B6B1316FD5B}.Debug|ARM.ActiveCfg = Debug|Any CPU
		{C5CC87B3-C8D5-474B-A97A-2B6B1316FD5B}.Debug|ARM.Build.0 = Debug|Any CPU
		{C5CC87B3-C8D5-474B-A97A-2B6B1316FD5B}.Debug|ARM64.ActiveCfg = Debug|Any CPU
		{C5CC87B3-C8D5-474B-A97A-2B6B1316FD5B}.Debug|ARM64.Build.0 = Debug|Any CPU
		{C5CC87B3-C8D5-474B-A97A-2B6B1316FD5B}.Debug|x64.ActiveCfg = Debug|Any CPU
		{C5CC87B3-C8D5-474B-A97A-2B6B1316FD5B}.Debug|x64.Build.0 = Debug|Any CPU
		{C5CC87B3-C8D5-474B-A97A-2B6B1316FD5B}.Debug|x86.ActiveCfg = Debug|Any CPU
		{C5CC87B3-C8D5-474B-A97A-2B6B1316FD5B}.Debug|x86.Build.0 = Debug|Any CPU
		{C5CC87B3-C8D5-474B-A97A-2B6B1316FD5B}.Release|Any CPU.ActiveCfg = Release|Any CPU
		{C5CC87B3-C8D5-474B-A97A-2B6B1316FD5B}.Release|Any CPU.Build.0 = Release|Any CPU
		{C5CC87B3-C8D5-474B-A97A-2B6B1316FD5B}.Release|ARM.ActiveCfg = Release|Any CPU
		{C5CC87B3-C8D5-474B-A97A-2B6B1316FD5B}.Release|ARM.Build.0 = Release|Any CPU
		{C5CC87B3-C8D5-474B-A97A-2B6B1316FD5B}.Release|ARM64.ActiveCfg = Release|Any CPU
		{C5CC87B3-C8D5-474B-A97A-2B6B1316FD5B}.Release|ARM64.Build.0 = Release|Any CPU
		{C5CC87B3-C8D5-474B-A97A-2B6B1316FD5B}.Release|x64.ActiveCfg = Release|Any CPU
		{C5CC87B3-C8D5-474B-A97A-2B6B1316FD5B}.Release|x64.Build.0 = Release|Any CPU
		{C5CC87B3-C8D5-474B-A97A-2B6B1316FD5B}.Release|x86.ActiveCfg = Release|Any CPU
		{C5CC87B3-C8D5-474B-A97A-2B6B1316FD5B}.Release|x86.Build.0 = Release|Any CPU
		{43BB2A6D-3324-40AA-ABE7-8879F67B1DF2}.Debug|Any CPU.ActiveCfg = Debug|Any CPU
		{43BB2A6D-3324-40AA-ABE7-8879F67B1DF2}.Debug|Any CPU.Build.0 = Debug|Any CPU
		{43BB2A6D-3324-40AA-ABE7-8879F67B1DF2}.Debug|ARM.ActiveCfg = Debug|Any CPU
		{43BB2A6D-3324-40AA-ABE7-8879F67B1DF2}.Debug|ARM64.ActiveCfg = Debug|Any CPU
		{43BB2A6D-3324-40AA-ABE7-8879F67B1DF2}.Debug|x64.ActiveCfg = Debug|Any CPU
		{43BB2A6D-3324-40AA-ABE7-8879F67B1DF2}.Debug|x86.ActiveCfg = Debug|Any CPU
		{43BB2A6D-3324-40AA-ABE7-8879F67B1DF2}.Debug|x86.Build.0 = Debug|Any CPU
		{43BB2A6D-3324-40AA-ABE7-8879F67B1DF2}.Release|Any CPU.ActiveCfg = Release|Any CPU
		{43BB2A6D-3324-40AA-ABE7-8879F67B1DF2}.Release|Any CPU.Build.0 = Release|Any CPU
		{43BB2A6D-3324-40AA-ABE7-8879F67B1DF2}.Release|ARM.ActiveCfg = Release|Any CPU
		{43BB2A6D-3324-40AA-ABE7-8879F67B1DF2}.Release|ARM64.ActiveCfg = Release|Any CPU
		{43BB2A6D-3324-40AA-ABE7-8879F67B1DF2}.Release|x64.ActiveCfg = Release|Any CPU
		{43BB2A6D-3324-40AA-ABE7-8879F67B1DF2}.Release|x86.ActiveCfg = Release|Any CPU
		{43BB2A6D-3324-40AA-ABE7-8879F67B1DF2}.Release|x86.Build.0 = Release|Any CPU
		{A45ACFAA-A155-436A-99AD-50A9F383D751}.Debug|Any CPU.ActiveCfg = Debug|Any CPU
		{A45ACFAA-A155-436A-99AD-50A9F383D751}.Debug|Any CPU.Build.0 = Debug|Any CPU
		{A45ACFAA-A155-436A-99AD-50A9F383D751}.Debug|Any CPU.Deploy.0 = Debug|Any CPU
		{A45ACFAA-A155-436A-99AD-50A9F383D751}.Debug|ARM.ActiveCfg = Debug|ARM
		{A45ACFAA-A155-436A-99AD-50A9F383D751}.Debug|ARM.Build.0 = Debug|ARM
		{A45ACFAA-A155-436A-99AD-50A9F383D751}.Debug|ARM.Deploy.0 = Debug|ARM
		{A45ACFAA-A155-436A-99AD-50A9F383D751}.Debug|ARM64.ActiveCfg = Debug|ARM64
		{A45ACFAA-A155-436A-99AD-50A9F383D751}.Debug|ARM64.Build.0 = Debug|ARM64
		{A45ACFAA-A155-436A-99AD-50A9F383D751}.Debug|ARM64.Deploy.0 = Debug|ARM64
		{A45ACFAA-A155-436A-99AD-50A9F383D751}.Debug|x64.ActiveCfg = Debug|x64
		{A45ACFAA-A155-436A-99AD-50A9F383D751}.Debug|x64.Build.0 = Debug|x64
		{A45ACFAA-A155-436A-99AD-50A9F383D751}.Debug|x64.Deploy.0 = Debug|x64
		{A45ACFAA-A155-436A-99AD-50A9F383D751}.Debug|x86.ActiveCfg = Debug|x86
		{A45ACFAA-A155-436A-99AD-50A9F383D751}.Debug|x86.Build.0 = Debug|x86
		{A45ACFAA-A155-436A-99AD-50A9F383D751}.Debug|x86.Deploy.0 = Debug|x86
		{A45ACFAA-A155-436A-99AD-50A9F383D751}.Release|Any CPU.ActiveCfg = Release|Any CPU
		{A45ACFAA-A155-436A-99AD-50A9F383D751}.Release|Any CPU.Build.0 = Release|Any CPU
		{A45ACFAA-A155-436A-99AD-50A9F383D751}.Release|Any CPU.Deploy.0 = Release|Any CPU
		{A45ACFAA-A155-436A-99AD-50A9F383D751}.Release|ARM.ActiveCfg = Release|ARM
		{A45ACFAA-A155-436A-99AD-50A9F383D751}.Release|ARM.Build.0 = Release|ARM
		{A45ACFAA-A155-436A-99AD-50A9F383D751}.Release|ARM.Deploy.0 = Release|ARM
		{A45ACFAA-A155-436A-99AD-50A9F383D751}.Release|ARM64.ActiveCfg = Release|ARM64
		{A45ACFAA-A155-436A-99AD-50A9F383D751}.Release|ARM64.Build.0 = Release|ARM64
		{A45ACFAA-A155-436A-99AD-50A9F383D751}.Release|ARM64.Deploy.0 = Release|ARM64
		{A45ACFAA-A155-436A-99AD-50A9F383D751}.Release|x64.ActiveCfg = Release|x64
		{A45ACFAA-A155-436A-99AD-50A9F383D751}.Release|x64.Build.0 = Release|x64
		{A45ACFAA-A155-436A-99AD-50A9F383D751}.Release|x64.Deploy.0 = Release|x64
		{A45ACFAA-A155-436A-99AD-50A9F383D751}.Release|x86.ActiveCfg = Release|x86
		{A45ACFAA-A155-436A-99AD-50A9F383D751}.Release|x86.Build.0 = Release|x86
		{A45ACFAA-A155-436A-99AD-50A9F383D751}.Release|x86.Deploy.0 = Release|x86
	EndGlobalSection
	GlobalSection(SolutionProperties) = preSolution
		HideSolutionNode = FALSE
	EndGlobalSection
	GlobalSection(ExtensibilityGlobals) = postSolution
		SolutionGuid = {B44C7090-652E-4030-980A-A41B8DD9E068}
	EndGlobalSection
EndGlobal
